
Microsoft Visual Studio Solution File, Format Version 12.00
# Visual Studio 15
VisualStudioVersion = 15.0.27703.2042
MinimumVisualStudioVersion = 10.0.40219.1
Project("{FAE04EC0-301F-11D3-BF4B-00C04F79EFBC}") = "SimulatorApp", "SimulatorApp\SimulatorApp.csproj", "{8D45DD8A-7B5B-4CAB-9E6F-9F1878842C81}"
EndProject
Global
	GlobalSection(SolutionConfigurationPlatforms) = preSolution
		Debug|Any CPU = Debug|Any CPU
		Release|Any CPU = Release|Any CPU
	EndGlobalSection
	GlobalSection(ProjectConfigurationPlatforms) = postSolution
		{8D45DD8A-7B5B-4CAB-9E6F-9F1878842C81}.Debug|Any CPU.ActiveCfg = Debug|Any CPU
		{8D45DD8A-7B5B-4CAB-9E6F-9F1878842C81}.Debug|Any CPU.Build.0 = Debug|Any CPU
		{8D45DD8A-7B5B-4CAB-9E6F-9F1878842C81}.Release|Any CPU.ActiveCfg = Release|Any CPU
		{8D45DD8A-7B5B-4CAB-9E6F-9F1878842C81}.Release|Any CPU.Build.0 = Release|Any CPU
	EndGlobalSection
	GlobalSection(SolutionProperties) = preSolution
		HideSolutionNode = FALSE
	EndGlobalSection
	GlobalSection(ExtensibilityGlobals) = postSolution
		SolutionGuid = {41B7D4F7-6C40-4279-A5A4-D9EAB8591C7E}
	EndGlobalSection
EndGlobal
